
Microsoft Visual Studio Solution File, Format Version 12.00
# Visual Studio Version 16
VisualStudioVersion = 16.0.30711.63
MinimumVisualStudioVersion = 10.0.40219.1
Project("{D954291E-2A0B-460D-934E-DC6B0785DB48}") = "DexUno.Shared", "DexUno\DexUno.Shared\DexUno.Shared.shproj", "{6279C845-92F8-4333-AB99-3D213163593C}"
EndProject
Project("{FAE04EC0-301F-11D3-BF4B-00C04F79EFBC}") = "DexUno.Droid", "DexUno\DexUno.Droid\DexUno.Droid.csproj", "{B1F069AE-1845-4D8F-9EFF-EF1465619117}"
EndProject
Project("{FAE04EC0-301F-11D3-BF4B-00C04F79EFBC}") = "DexUno.iOS", "DexUno\DexUno.iOS\DexUno.iOS.csproj", "{DDD2A1D3-846E-491D-A90E-F12EF0128ADE}"
EndProject
Project("{FAE04EC0-301F-11D3-BF4B-00C04F79EFBC}") = "DexUno.UWP", "DexUno\DexUno.UWP\DexUno.UWP.csproj", "{89158680-43CA-4060-A4E8-ABD84AE8C2F8}"
EndProject
Project("{9A19103F-16F7-4668-BE54-9A1E7A4F7556}") = "DexUno.Wasm", "DexUno\DexUno.Wasm\DexUno.Wasm.csproj", "{99D2BE5A-C704-4458-B560-4AD0F7029C59}"
EndProject
Project("{FAE04EC0-301F-11D3-BF4B-00C04F79EFBC}") = "DexUno.macOS", "DexUno\DexUno.macOS\DexUno.macOS.csproj", "{F429F95A-1466-4E48-BE3C-2B2C83D21FF9}"
EndProject
Project("{9A19103F-16F7-4668-BE54-9A1E7A4F7556}") = "DexUno.Skia.Wpf.Host", "DexUno\DexUno.Skia.Wpf.Host\DexUno.Skia.Wpf.Host.csproj", "{5F8D803B-B743-47E5-BE8B-7824F48416C2}"
EndProject
Project("{9A19103F-16F7-4668-BE54-9A1E7A4F7556}") = "DexUno.Skia.Wpf", "DexUno\DexUno.Skia.Wpf\DexUno.Skia.Wpf.csproj", "{A23451E0-B2BD-42A1-9B14-7A938BE203EF}"
EndProject
Project("{9A19103F-16F7-4668-BE54-9A1E7A4F7556}") = "DexUno.Skia.Gtk", "DexUno\DexUno.Skia.Gtk\DexUno.Skia.Gtk.csproj", "{8E634D72-5CB2-452F-9735-B1CC9CB223AC}"
EndProject
Project("{2150E333-8FDC-42A3-9474-1A3956D46DE8}") = "Heads", "Heads", "{AF54DC77-1B10-4938-BBEA-D8E791916564}"
EndProject
Project("{FAE04EC0-301F-11D3-BF4B-00C04F79EFBC}") = "DexUno.Core", "DexUno.Core\DexUno.Core.csproj", "{1A2C1AFE-DFDE-44D1-B853-48573FF6743B}"
EndProject
Global
	GlobalSection(SharedMSBuildProjectFiles) = preSolution
		DexUno\DexUno.Shared\DexUno.Shared.projitems*{6279c845-92f8-4333-ab99-3d213163593c}*SharedItemsImports = 13
		DexUno\DexUno.Shared\DexUno.Shared.projitems*{89158680-43ca-4060-a4e8-abd84ae8c2f8}*SharedItemsImports = 4
		DexUno\DexUno.Shared\DexUno.Shared.projitems*{8e634d72-5cb2-452f-9735-b1cc9cb223ac}*SharedItemsImports = 5
		DexUno\DexUno.Shared\DexUno.Shared.projitems*{99d2be5a-c704-4458-b560-4ad0f7029c59}*SharedItemsImports = 5
		DexUno\DexUno.Shared\DexUno.Shared.projitems*{a23451e0-b2bd-42a1-9b14-7a938be203ef}*SharedItemsImports = 5
		DexUno\DexUno.Shared\DexUno.Shared.projitems*{b1f069ae-1845-4d8f-9eff-ef1465619117}*SharedItemsImports = 4
		DexUno\DexUno.Shared\DexUno.Shared.projitems*{ddd2a1d3-846e-491d-a90e-f12ef0128ade}*SharedItemsImports = 4
		DexUno\DexUno.Shared\DexUno.Shared.projitems*{f429f95a-1466-4e48-be3c-2b2c83d21ff9}*SharedItemsImports = 4
	EndGlobalSection
	GlobalSection(SolutionConfigurationPlatforms) = preSolution
		Ad-Hoc|Any CPU = Ad-Hoc|Any CPU
		Ad-Hoc|ARM = Ad-Hoc|ARM
		Ad-Hoc|ARM64 = Ad-Hoc|ARM64
		Ad-Hoc|iPhone = Ad-Hoc|iPhone
		Ad-Hoc|iPhoneSimulator = Ad-Hoc|iPhoneSimulator
		Ad-Hoc|x64 = Ad-Hoc|x64
		Ad-Hoc|x86 = Ad-Hoc|x86
		AppStore|Any CPU = AppStore|Any CPU
		AppStore|ARM = AppStore|ARM
		AppStore|ARM64 = AppStore|ARM64
		AppStore|iPhone = AppStore|iPhone
		AppStore|iPhoneSimulator = AppStore|iPhoneSimulator
		AppStore|x64 = AppStore|x64
		AppStore|x86 = AppStore|x86
		Debug|Any CPU = Debug|Any CPU
		Debug|ARM = Debug|ARM
		Debug|ARM64 = Debug|ARM64
		Debug|iPhone = Debug|iPhone
		Debug|iPhoneSimulator = Debug|iPhoneSimulator
		Debug|x64 = Debug|x64
		Debug|x86 = Debug|x86
		Release|Any CPU = Release|Any CPU
		Release|ARM = Release|ARM
		Release|ARM64 = Release|ARM64
		Release|iPhone = Release|iPhone
		Release|iPhoneSimulator = Release|iPhoneSimulator
		Release|x64 = Release|x64
		Release|x86 = Release|x86
	EndGlobalSection
	GlobalSection(ProjectConfigurationPlatforms) = postSolution
		{B1F069AE-1845-4D8F-9EFF-EF1465619117}.Ad-Hoc|Any CPU.ActiveCfg = Debug|Any CPU
		{B1F069AE-1845-4D8F-9EFF-EF1465619117}.Ad-Hoc|Any CPU.Build.0 = Debug|Any CPU
		{B1F069AE-1845-4D8F-9EFF-EF1465619117}.Ad-Hoc|Any CPU.Deploy.0 = Debug|Any CPU
		{B1F069AE-1845-4D8F-9EFF-EF1465619117}.Ad-Hoc|ARM.ActiveCfg = Debug|Any CPU
		{B1F069AE-1845-4D8F-9EFF-EF1465619117}.Ad-Hoc|ARM.Build.0 = Debug|Any CPU
		{B1F069AE-1845-4D8F-9EFF-EF1465619117}.Ad-Hoc|ARM.Deploy.0 = Debug|Any CPU
		{B1F069AE-1845-4D8F-9EFF-EF1465619117}.Ad-Hoc|ARM64.ActiveCfg = Debug|Any CPU
		{B1F069AE-1845-4D8F-9EFF-EF1465619117}.Ad-Hoc|ARM64.Build.0 = Debug|Any CPU
		{B1F069AE-1845-4D8F-9EFF-EF1465619117}.Ad-Hoc|ARM64.Deploy.0 = Debug|Any CPU
		{B1F069AE-1845-4D8F-9EFF-EF1465619117}.Ad-Hoc|iPhone.ActiveCfg = Debug|Any CPU
		{B1F069AE-1845-4D8F-9EFF-EF1465619117}.Ad-Hoc|iPhone.Build.0 = Debug|Any CPU
		{B1F069AE-1845-4D8F-9EFF-EF1465619117}.Ad-Hoc|iPhone.Deploy.0 = Debug|Any CPU
		{B1F069AE-1845-4D8F-9EFF-EF1465619117}.Ad-Hoc|iPhoneSimulator.ActiveCfg = Debug|Any CPU
		{B1F069AE-1845-4D8F-9EFF-EF1465619117}.Ad-Hoc|iPhoneSimulator.Build.0 = Debug|Any CPU
		{B1F069AE-1845-4D8F-9EFF-EF1465619117}.Ad-Hoc|iPhoneSimulator.Deploy.0 = Debug|Any CPU
		{B1F069AE-1845-4D8F-9EFF-EF1465619117}.Ad-Hoc|x64.ActiveCfg = Debug|Any CPU
		{B1F069AE-1845-4D8F-9EFF-EF1465619117}.Ad-Hoc|x64.Build.0 = Debug|Any CPU
		{B1F069AE-1845-4D8F-9EFF-EF1465619117}.Ad-Hoc|x64.Deploy.0 = Debug|Any CPU
		{B1F069AE-1845-4D8F-9EFF-EF1465619117}.Ad-Hoc|x86.ActiveCfg = Debug|Any CPU
		{B1F069AE-1845-4D8F-9EFF-EF1465619117}.Ad-Hoc|x86.Build.0 = Debug|Any CPU
		{B1F069AE-1845-4D8F-9EFF-EF1465619117}.Ad-Hoc|x86.Deploy.0 = Debug|Any CPU
		{B1F069AE-1845-4D8F-9EFF-EF1465619117}.AppStore|Any CPU.ActiveCfg = Debug|Any CPU
		{B1F069AE-1845-4D8F-9EFF-EF1465619117}.AppStore|Any CPU.Build.0 = Debug|Any CPU
		{B1F069AE-1845-4D8F-9EFF-EF1465619117}.AppStore|Any CPU.Deploy.0 = Debug|Any CPU
		{B1F069AE-1845-4D8F-9EFF-EF1465619117}.AppStore|ARM.ActiveCfg = Debug|Any CPU
		{B1F069AE-1845-4D8F-9EFF-EF1465619117}.AppStore|ARM.Build.0 = Debug|Any CPU
		{B1F069AE-1845-4D8F-9EFF-EF1465619117}.AppStore|ARM.Deploy.0 = Debug|Any CPU
		{B1F069AE-1845-4D8F-9EFF-EF1465619117}.AppStore|ARM64.ActiveCfg = Debug|Any CPU
		{B1F069AE-1845-4D8F-9EFF-EF1465619117}.AppStore|ARM64.Build.0 = Debug|Any CPU
		{B1F069AE-1845-4D8F-9EFF-EF1465619117}.AppStore|ARM64.Deploy.0 = Debug|Any CPU
		{B1F069AE-1845-4D8F-9EFF-EF1465619117}.AppStore|iPhone.ActiveCfg = Debug|Any CPU
		{B1F069AE-1845-4D8F-9EFF-EF1465619117}.AppStore|iPhone.Build.0 = Debug|Any CPU
		{B1F069AE-1845-4D8F-9EFF-EF1465619117}.AppStore|iPhone.Deploy.0 = Debug|Any CPU
		{B1F069AE-1845-4D8F-9EFF-EF1465619117}.AppStore|iPhoneSimulator.ActiveCfg = Debug|Any CPU
		{B1F069AE-1845-4D8F-9EFF-EF1465619117}.AppStore|iPhoneSimulator.Build.0 = Debug|Any CPU
		{B1F069AE-1845-4D8F-9EFF-EF1465619117}.AppStore|iPhoneSimulator.Deploy.0 = Debug|Any CPU
		{B1F069AE-1845-4D8F-9EFF-EF1465619117}.AppStore|x64.ActiveCfg = Debug|Any CPU
		{B1F069AE-1845-4D8F-9EFF-EF1465619117}.AppStore|x64.Build.0 = Debug|Any CPU
		{B1F069AE-1845-4D8F-9EFF-EF1465619117}.AppStore|x64.Deploy.0 = Debug|Any CPU
		{B1F069AE-1845-4D8F-9EFF-EF1465619117}.AppStore|x86.ActiveCfg = Debug|Any CPU
		{B1F069AE-1845-4D8F-9EFF-EF1465619117}.AppStore|x86.Build.0 = Debug|Any CPU
		{B1F069AE-1845-4D8F-9EFF-EF1465619117}.AppStore|x86.Deploy.0 = Debug|Any CPU
		{B1F069AE-1845-4D8F-9EFF-EF1465619117}.Debug|Any CPU.ActiveCfg = Debug|Any CPU
		{B1F069AE-1845-4D8F-9EFF-EF1465619117}.Debug|Any CPU.Build.0 = Debug|Any CPU
		{B1F069AE-1845-4D8F-9EFF-EF1465619117}.Debug|Any CPU.Deploy.0 = Debug|Any CPU
		{B1F069AE-1845-4D8F-9EFF-EF1465619117}.Debug|ARM.ActiveCfg = Debug|Any CPU
		{B1F069AE-1845-4D8F-9EFF-EF1465619117}.Debug|ARM.Build.0 = Debug|Any CPU
		{B1F069AE-1845-4D8F-9EFF-EF1465619117}.Debug|ARM.Deploy.0 = Debug|Any CPU
		{B1F069AE-1845-4D8F-9EFF-EF1465619117}.Debug|ARM64.ActiveCfg = Debug|Any CPU
		{B1F069AE-1845-4D8F-9EFF-EF1465619117}.Debug|ARM64.Build.0 = Debug|Any CPU
		{B1F069AE-1845-4D8F-9EFF-EF1465619117}.Debug|ARM64.Deploy.0 = Debug|Any CPU
		{B1F069AE-1845-4D8F-9EFF-EF1465619117}.Debug|iPhone.ActiveCfg = Debug|Any CPU
		{B1F069AE-1845-4D8F-9EFF-EF1465619117}.Debug|iPhone.Build.0 = Debug|Any CPU
		{B1F069AE-1845-4D8F-9EFF-EF1465619117}.Debug|iPhone.Deploy.0 = Debug|Any CPU
		{B1F069AE-1845-4D8F-9EFF-EF1465619117}.Debug|iPhoneSimulator.ActiveCfg = Debug|Any CPU
		{B1F069AE-1845-4D8F-9EFF-EF1465619117}.Debug|iPhoneSimulator.Build.0 = Debug|Any CPU
		{B1F069AE-1845-4D8F-9EFF-EF1465619117}.Debug|iPhoneSimulator.Deploy.0 = Debug|Any CPU
		{B1F069AE-1845-4D8F-9EFF-EF1465619117}.Debug|x64.ActiveCfg = Debug|Any CPU
		{B1F069AE-1845-4D8F-9EFF-EF1465619117}.Debug|x64.Build.0 = Debug|Any CPU
		{B1F069AE-1845-4D8F-9EFF-EF1465619117}.Debug|x64.Deploy.0 = Debug|Any CPU
		{B1F069AE-1845-4D8F-9EFF-EF1465619117}.Debug|x86.ActiveCfg = Debug|Any CPU
		{B1F069AE-1845-4D8F-9EFF-EF1465619117}.Debug|x86.Build.0 = Debug|Any CPU
		{B1F069AE-1845-4D8F-9EFF-EF1465619117}.Debug|x86.Deploy.0 = Debug|Any CPU
		{B1F069AE-1845-4D8F-9EFF-EF1465619117}.Release|Any CPU.ActiveCfg = Release|Any CPU
		{B1F069AE-1845-4D8F-9EFF-EF1465619117}.Release|Any CPU.Build.0 = Release|Any CPU
		{B1F069AE-1845-4D8F-9EFF-EF1465619117}.Release|Any CPU.Deploy.0 = Release|Any CPU
		{B1F069AE-1845-4D8F-9EFF-EF1465619117}.Release|ARM.ActiveCfg = Release|Any CPU
		{B1F069AE-1845-4D8F-9EFF-EF1465619117}.Release|ARM.Build.0 = Release|Any CPU
		{B1F069AE-1845-4D8F-9EFF-EF1465619117}.Release|ARM.Deploy.0 = Release|Any CPU
		{B1F069AE-1845-4D8F-9EFF-EF1465619117}.Release|ARM64.ActiveCfg = Release|Any CPU
		{B1F069AE-1845-4D8F-9EFF-EF1465619117}.Release|ARM64.Build.0 = Release|Any CPU
		{B1F069AE-1845-4D8F-9EFF-EF1465619117}.Release|ARM64.Deploy.0 = Release|Any CPU
		{B1F069AE-1845-4D8F-9EFF-EF1465619117}.Release|iPhone.ActiveCfg = Release|Any CPU
		{B1F069AE-1845-4D8F-9EFF-EF1465619117}.Release|iPhone.Build.0 = Release|Any CPU
		{B1F069AE-1845-4D8F-9EFF-EF1465619117}.Release|iPhone.Deploy.0 = Release|Any CPU
		{B1F069AE-1845-4D8F-9EFF-EF1465619117}.Release|iPhoneSimulator.ActiveCfg = Release|Any CPU
		{B1F069AE-1845-4D8F-9EFF-EF1465619117}.Release|iPhoneSimulator.Build.0 = Release|Any CPU
		{B1F069AE-1845-4D8F-9EFF-EF1465619117}.Release|iPhoneSimulator.Deploy.0 = Release|Any CPU
		{B1F069AE-1845-4D8F-9EFF-EF1465619117}.Release|x64.ActiveCfg = Release|Any CPU
		{B1F069AE-1845-4D8F-9EFF-EF1465619117}.Release|x64.Build.0 = Release|Any CPU
		{B1F069AE-1845-4D8F-9EFF-EF1465619117}.Release|x64.Deploy.0 = Release|Any CPU
		{B1F069AE-1845-4D8F-9EFF-EF1465619117}.Release|x86.ActiveCfg = Release|Any CPU
		{B1F069AE-1845-4D8F-9EFF-EF1465619117}.Release|x86.Build.0 = Release|Any CPU
		{B1F069AE-1845-4D8F-9EFF-EF1465619117}.Release|x86.Deploy.0 = Release|Any CPU
		{DDD2A1D3-846E-491D-A90E-F12EF0128ADE}.Ad-Hoc|Any CPU.ActiveCfg = Ad-Hoc|iPhoneSimulator
		{DDD2A1D3-846E-491D-A90E-F12EF0128ADE}.Ad-Hoc|ARM.ActiveCfg = Ad-Hoc|iPhoneSimulator
		{DDD2A1D3-846E-491D-A90E-F12EF0128ADE}.Ad-Hoc|ARM64.ActiveCfg = Ad-Hoc|iPhoneSimulator
		{DDD2A1D3-846E-491D-A90E-F12EF0128ADE}.Ad-Hoc|iPhone.ActiveCfg = Ad-Hoc|iPhone
		{DDD2A1D3-846E-491D-A90E-F12EF0128ADE}.Ad-Hoc|iPhone.Build.0 = Ad-Hoc|iPhone
		{DDD2A1D3-846E-491D-A90E-F12EF0128ADE}.Ad-Hoc|iPhoneSimulator.ActiveCfg = Ad-Hoc|iPhoneSimulator
		{DDD2A1D3-846E-491D-A90E-F12EF0128ADE}.Ad-Hoc|iPhoneSimulator.Build.0 = Ad-Hoc|iPhoneSimulator
		{DDD2A1D3-846E-491D-A90E-F12EF0128ADE}.Ad-Hoc|x64.ActiveCfg = Ad-Hoc|iPhoneSimulator
		{DDD2A1D3-846E-491D-A90E-F12EF0128ADE}.Ad-Hoc|x86.ActiveCfg = Ad-Hoc|iPhoneSimulator
		{DDD2A1D3-846E-491D-A90E-F12EF0128ADE}.AppStore|Any CPU.ActiveCfg = AppStore|iPhoneSimulator
		{DDD2A1D3-846E-491D-A90E-F12EF0128ADE}.AppStore|ARM.ActiveCfg = AppStore|iPhoneSimulator
		{DDD2A1D3-846E-491D-A90E-F12EF0128ADE}.AppStore|ARM64.ActiveCfg = AppStore|iPhoneSimulator
		{DDD2A1D3-846E-491D-A90E-F12EF0128ADE}.AppStore|iPhone.ActiveCfg = AppStore|iPhone
		{DDD2A1D3-846E-491D-A90E-F12EF0128ADE}.AppStore|iPhone.Build.0 = AppStore|iPhone
		{DDD2A1D3-846E-491D-A90E-F12EF0128ADE}.AppStore|iPhoneSimulator.ActiveCfg = AppStore|iPhoneSimulator
		{DDD2A1D3-846E-491D-A90E-F12EF0128ADE}.AppStore|iPhoneSimulator.Build.0 = AppStore|iPhoneSimulator
		{DDD2A1D3-846E-491D-A90E-F12EF0128ADE}.AppStore|x64.ActiveCfg = AppStore|iPhoneSimulator
		{DDD2A1D3-846E-491D-A90E-F12EF0128ADE}.AppStore|x86.ActiveCfg = AppStore|iPhoneSimulator
		{DDD2A1D3-846E-491D-A90E-F12EF0128ADE}.Debug|Any CPU.ActiveCfg = Debug|iPhoneSimulator
		{DDD2A1D3-846E-491D-A90E-F12EF0128ADE}.Debug|ARM.ActiveCfg = Debug|iPhoneSimulator
		{DDD2A1D3-846E-491D-A90E-F12EF0128ADE}.Debug|ARM64.ActiveCfg = Debug|iPhoneSimulator
		{DDD2A1D3-846E-491D-A90E-F12EF0128ADE}.Debug|iPhone.ActiveCfg = Debug|iPhone
		{DDD2A1D3-846E-491D-A90E-F12EF0128ADE}.Debug|iPhone.Build.0 = Debug|iPhone
		{DDD2A1D3-846E-491D-A90E-F12EF0128ADE}.Debug|iPhoneSimulator.ActiveCfg = Debug|iPhoneSimulator
		{DDD2A1D3-846E-491D-A90E-F12EF0128ADE}.Debug|iPhoneSimulator.Build.0 = Debug|iPhoneSimulator
		{DDD2A1D3-846E-491D-A90E-F12EF0128ADE}.Debug|x64.ActiveCfg = Debug|iPhoneSimulator
		{DDD2A1D3-846E-491D-A90E-F12EF0128ADE}.Debug|x86.ActiveCfg = Debug|iPhoneSimulator
		{DDD2A1D3-846E-491D-A90E-F12EF0128ADE}.Release|Any CPU.ActiveCfg = Release|iPhoneSimulator
		{DDD2A1D3-846E-491D-A90E-F12EF0128ADE}.Release|ARM.ActiveCfg = Release|iPhoneSimulator
		{DDD2A1D3-846E-491D-A90E-F12EF0128ADE}.Release|ARM64.ActiveCfg = Release|iPhoneSimulator
		{DDD2A1D3-846E-491D-A90E-F12EF0128ADE}.Release|iPhone.ActiveCfg = Release|iPhone
		{DDD2A1D3-846E-491D-A90E-F12EF0128ADE}.Release|iPhone.Build.0 = Release|iPhone
		{DDD2A1D3-846E-491D-A90E-F12EF0128ADE}.Release|iPhoneSimulator.ActiveCfg = Release|iPhoneSimulator
		{DDD2A1D3-846E-491D-A90E-F12EF0128ADE}.Release|iPhoneSimulator.Build.0 = Release|iPhoneSimulator
		{DDD2A1D3-846E-491D-A90E-F12EF0128ADE}.Release|x64.ActiveCfg = Release|iPhoneSimulator
		{DDD2A1D3-846E-491D-A90E-F12EF0128ADE}.Release|x86.ActiveCfg = Release|iPhoneSimulator
		{89158680-43CA-4060-A4E8-ABD84AE8C2F8}.Ad-Hoc|Any CPU.ActiveCfg = Debug|x86
		{89158680-43CA-4060-A4E8-ABD84AE8C2F8}.Ad-Hoc|Any CPU.Build.0 = Debug|x86
		{89158680-43CA-4060-A4E8-ABD84AE8C2F8}.Ad-Hoc|Any CPU.Deploy.0 = Debug|x86
		{89158680-43CA-4060-A4E8-ABD84AE8C2F8}.Ad-Hoc|ARM.ActiveCfg = Debug|ARM
		{89158680-43CA-4060-A4E8-ABD84AE8C2F8}.Ad-Hoc|ARM.Build.0 = Debug|ARM
		{89158680-43CA-4060-A4E8-ABD84AE8C2F8}.Ad-Hoc|ARM.Deploy.0 = Debug|ARM
		{89158680-43CA-4060-A4E8-ABD84AE8C2F8}.Ad-Hoc|ARM64.ActiveCfg = Debug|ARM64
		{89158680-43CA-4060-A4E8-ABD84AE8C2F8}.Ad-Hoc|ARM64.Build.0 = Debug|ARM64
		{89158680-43CA-4060-A4E8-ABD84AE8C2F8}.Ad-Hoc|ARM64.Deploy.0 = Debug|ARM64
		{89158680-43CA-4060-A4E8-ABD84AE8C2F8}.Ad-Hoc|iPhone.ActiveCfg = Debug|x86
		{89158680-43CA-4060-A4E8-ABD84AE8C2F8}.Ad-Hoc|iPhone.Build.0 = Debug|x86
		{89158680-43CA-4060-A4E8-ABD84AE8C2F8}.Ad-Hoc|iPhone.Deploy.0 = Debug|x86
		{89158680-43CA-4060-A4E8-ABD84AE8C2F8}.Ad-Hoc|iPhoneSimulator.ActiveCfg = Debug|x86
		{89158680-43CA-4060-A4E8-ABD84AE8C2F8}.Ad-Hoc|iPhoneSimulator.Build.0 = Debug|x86
		{89158680-43CA-4060-A4E8-ABD84AE8C2F8}.Ad-Hoc|iPhoneSimulator.Deploy.0 = Debug|x86
		{89158680-43CA-4060-A4E8-ABD84AE8C2F8}.Ad-Hoc|x64.ActiveCfg = Debug|x64
		{89158680-43CA-4060-A4E8-ABD84AE8C2F8}.Ad-Hoc|x64.Build.0 = Debug|x64
		{89158680-43CA-4060-A4E8-ABD84AE8C2F8}.Ad-Hoc|x64.Deploy.0 = Debug|x64
		{89158680-43CA-4060-A4E8-ABD84AE8C2F8}.Ad-Hoc|x86.ActiveCfg = Debug|x86
		{89158680-43CA-4060-A4E8-ABD84AE8C2F8}.Ad-Hoc|x86.Build.0 = Debug|x86
		{89158680-43CA-4060-A4E8-ABD84AE8C2F8}.Ad-Hoc|x86.Deploy.0 = Debug|x86
		{89158680-43CA-4060-A4E8-ABD84AE8C2F8}.AppStore|Any CPU.ActiveCfg = Debug|x86
		{89158680-43CA-4060-A4E8-ABD84AE8C2F8}.AppStore|Any CPU.Build.0 = Debug|x86
		{89158680-43CA-4060-A4E8-ABD84AE8C2F8}.AppStore|Any CPU.Deploy.0 = Debug|x86
		{89158680-43CA-4060-A4E8-ABD84AE8C2F8}.AppStore|ARM.ActiveCfg = Debug|ARM
		{89158680-43CA-4060-A4E8-ABD84AE8C2F8}.AppStore|ARM.Build.0 = Debug|ARM
		{89158680-43CA-4060-A4E8-ABD84AE8C2F8}.AppStore|ARM.Deploy.0 = Debug|ARM
		{89158680-43CA-4060-A4E8-ABD84AE8C2F8}.AppStore|ARM64.ActiveCfg = Debug|ARM64
		{89158680-43CA-4060-A4E8-ABD84AE8C2F8}.AppStore|ARM64.Build.0 = Debug|ARM64
		{89158680-43CA-4060-A4E8-ABD84AE8C2F8}.AppStore|ARM64.Deploy.0 = Debug|ARM64
		{89158680-43CA-4060-A4E8-ABD84AE8C2F8}.AppStore|iPhone.ActiveCfg = Debug|x86
		{89158680-43CA-4060-A4E8-ABD84AE8C2F8}.AppStore|iPhone.Build.0 = Debug|x86
		{89158680-43CA-4060-A4E8-ABD84AE8C2F8}.AppStore|iPhone.Deploy.0 = Debug|x86
		{89158680-43CA-4060-A4E8-ABD84AE8C2F8}.AppStore|iPhoneSimulator.ActiveCfg = Debug|x86
		{89158680-43CA-4060-A4E8-ABD84AE8C2F8}.AppStore|iPhoneSimulator.Build.0 = Debug|x86
		{89158680-43CA-4060-A4E8-ABD84AE8C2F8}.AppStore|iPhoneSimulator.Deploy.0 = Debug|x86
		{89158680-43CA-4060-A4E8-ABD84AE8C2F8}.AppStore|x64.ActiveCfg = Debug|x64
		{89158680-43CA-4060-A4E8-ABD84AE8C2F8}.AppStore|x64.Build.0 = Debug|x64
		{89158680-43CA-4060-A4E8-ABD84AE8C2F8}.AppStore|x64.Deploy.0 = Debug|x64
		{89158680-43CA-4060-A4E8-ABD84AE8C2F8}.AppStore|x86.ActiveCfg = Debug|x86
		{89158680-43CA-4060-A4E8-ABD84AE8C2F8}.AppStore|x86.Build.0 = Debug|x86
		{89158680-43CA-4060-A4E8-ABD84AE8C2F8}.AppStore|x86.Deploy.0 = Debug|x86
		{89158680-43CA-4060-A4E8-ABD84AE8C2F8}.Debug|Any CPU.ActiveCfg = Debug|x86
		{89158680-43CA-4060-A4E8-ABD84AE8C2F8}.Debug|ARM.ActiveCfg = Debug|ARM
		{89158680-43CA-4060-A4E8-ABD84AE8C2F8}.Debug|ARM.Build.0 = Debug|ARM
		{89158680-43CA-4060-A4E8-ABD84AE8C2F8}.Debug|ARM.Deploy.0 = Debug|ARM
		{89158680-43CA-4060-A4E8-ABD84AE8C2F8}.Debug|ARM64.ActiveCfg = Debug|ARM64
		{89158680-43CA-4060-A4E8-ABD84AE8C2F8}.Debug|ARM64.Build.0 = Debug|ARM64
		{89158680-43CA-4060-A4E8-ABD84AE8C2F8}.Debug|ARM64.Deploy.0 = Debug|ARM64
		{89158680-43CA-4060-A4E8-ABD84AE8C2F8}.Debug|iPhone.ActiveCfg = Debug|x86
		{89158680-43CA-4060-A4E8-ABD84AE8C2F8}.Debug|iPhoneSimulator.ActiveCfg = Debug|x86
		{89158680-43CA-4060-A4E8-ABD84AE8C2F8}.Debug|x64.ActiveCfg = Debug|x64
		{89158680-43CA-4060-A4E8-ABD84AE8C2F8}.Debug|x64.Build.0 = Debug|x64
		{89158680-43CA-4060-A4E8-ABD84AE8C2F8}.Debug|x64.Deploy.0 = Debug|x64
		{89158680-43CA-4060-A4E8-ABD84AE8C2F8}.Debug|x86.ActiveCfg = Debug|x86
		{89158680-43CA-4060-A4E8-ABD84AE8C2F8}.Debug|x86.Build.0 = Debug|x86
		{89158680-43CA-4060-A4E8-ABD84AE8C2F8}.Debug|x86.Deploy.0 = Debug|x86
		{89158680-43CA-4060-A4E8-ABD84AE8C2F8}.Release|Any CPU.ActiveCfg = Release|x86
		{89158680-43CA-4060-A4E8-ABD84AE8C2F8}.Release|ARM.ActiveCfg = Release|ARM
		{89158680-43CA-4060-A4E8-ABD84AE8C2F8}.Release|ARM.Build.0 = Release|ARM
		{89158680-43CA-4060-A4E8-ABD84AE8C2F8}.Release|ARM.Deploy.0 = Release|ARM
		{89158680-43CA-4060-A4E8-ABD84AE8C2F8}.Release|ARM64.ActiveCfg = Release|ARM64
		{89158680-43CA-4060-A4E8-ABD84AE8C2F8}.Release|ARM64.Build.0 = Release|ARM64
		{89158680-43CA-4060-A4E8-ABD84AE8C2F8}.Release|ARM64.Deploy.0 = Release|ARM64
		{89158680-43CA-4060-A4E8-ABD84AE8C2F8}.Release|iPhone.ActiveCfg = Release|x86
		{89158680-43CA-4060-A4E8-ABD84AE8C2F8}.Release|iPhoneSimulator.ActiveCfg = Release|x86
		{89158680-43CA-4060-A4E8-ABD84AE8C2F8}.Release|x64.ActiveCfg = Release|x64
		{89158680-43CA-4060-A4E8-ABD84AE8C2F8}.Release|x64.Build.0 = Release|x64
		{89158680-43CA-4060-A4E8-ABD84AE8C2F8}.Release|x64.Deploy.0 = Release|x64
		{89158680-43CA-4060-A4E8-ABD84AE8C2F8}.Release|x86.ActiveCfg = Release|x86
		{89158680-43CA-4060-A4E8-ABD84AE8C2F8}.Release|x86.Build.0 = Release|x86
		{89158680-43CA-4060-A4E8-ABD84AE8C2F8}.Release|x86.Deploy.0 = Release|x86
		{99D2BE5A-C704-4458-B560-4AD0F7029C59}.Ad-Hoc|Any CPU.ActiveCfg = Debug|Any CPU
		{99D2BE5A-C704-4458-B560-4AD0F7029C59}.Ad-Hoc|Any CPU.Build.0 = Debug|Any CPU
		{99D2BE5A-C704-4458-B560-4AD0F7029C59}.Ad-Hoc|ARM.ActiveCfg = Debug|Any CPU
		{99D2BE5A-C704-4458-B560-4AD0F7029C59}.Ad-Hoc|ARM.Build.0 = Debug|Any CPU
		{99D2BE5A-C704-4458-B560-4AD0F7029C59}.Ad-Hoc|ARM64.ActiveCfg = Debug|Any CPU
		{99D2BE5A-C704-4458-B560-4AD0F7029C59}.Ad-Hoc|ARM64.Build.0 = Debug|Any CPU
		{99D2BE5A-C704-4458-B560-4AD0F7029C59}.Ad-Hoc|iPhone.ActiveCfg = Debug|Any CPU
		{99D2BE5A-C704-4458-B560-4AD0F7029C59}.Ad-Hoc|iPhone.Build.0 = Debug|Any CPU
		{99D2BE5A-C704-4458-B560-4AD0F7029C59}.Ad-Hoc|iPhoneSimulator.ActiveCfg = Debug|Any CPU
		{99D2BE5A-C704-4458-B560-4AD0F7029C59}.Ad-Hoc|iPhoneSimulator.Build.0 = Debug|Any CPU
		{99D2BE5A-C704-4458-B560-4AD0F7029C59}.Ad-Hoc|x64.ActiveCfg = Debug|Any CPU
		{99D2BE5A-C704-4458-B560-4AD0F7029C59}.Ad-Hoc|x64.Build.0 = Debug|Any CPU
		{99D2BE5A-C704-4458-B560-4AD0F7029C59}.Ad-Hoc|x86.ActiveCfg = Debug|Any CPU
		{99D2BE5A-C704-4458-B560-4AD0F7029C59}.Ad-Hoc|x86.Build.0 = Debug|Any CPU
		{99D2BE5A-C704-4458-B560-4AD0F7029C59}.AppStore|Any CPU.ActiveCfg = Debug|Any CPU
		{99D2BE5A-C704-4458-B560-4AD0F7029C59}.AppStore|Any CPU.Build.0 = Debug|Any CPU
		{99D2BE5A-C704-4458-B560-4AD0F7029C59}.AppStore|ARM.ActiveCfg = Debug|Any CPU
		{99D2BE5A-C704-4458-B560-4AD0F7029C59}.AppStore|ARM.Build.0 = Debug|Any CPU
		{99D2BE5A-C704-4458-B560-4AD0F7029C59}.AppStore|ARM64.ActiveCfg = Debug|Any CPU
		{99D2BE5A-C704-4458-B560-4AD0F7029C59}.AppStore|ARM64.Build.0 = Debug|Any CPU
		{99D2BE5A-C704-4458-B560-4AD0F7029C59}.AppStore|iPhone.ActiveCfg = Debug|Any CPU
		{99D2BE5A-C704-4458-B560-4AD0F7029C59}.AppStore|iPhone.Build.0 = Debug|Any CPU
		{99D2BE5A-C704-4458-B560-4AD0F7029C59}.AppStore|iPhoneSimulator.ActiveCfg = Debug|Any CPU
		{99D2BE5A-C704-4458-B560-4AD0F7029C59}.AppStore|iPhoneSimulator.Build.0 = Debug|Any CPU
		{99D2BE5A-C704-4458-B560-4AD0F7029C59}.AppStore|x64.ActiveCfg = Debug|Any CPU
		{99D2BE5A-C704-4458-B560-4AD0F7029C59}.AppStore|x64.Build.0 = Debug|Any CPU
		{99D2BE5A-C704-4458-B560-4AD0F7029C59}.AppStore|x86.ActiveCfg = Debug|Any CPU
		{99D2BE5A-C704-4458-B560-4AD0F7029C59}.AppStore|x86.Build.0 = Debug|Any CPU
		{99D2BE5A-C704-4458-B560-4AD0F7029C59}.Debug|Any CPU.ActiveCfg = Debug|Any CPU
		{99D2BE5A-C704-4458-B560-4AD0F7029C59}.Debug|Any CPU.Build.0 = Debug|Any CPU
		{99D2BE5A-C704-4458-B560-4AD0F7029C59}.Debug|ARM.ActiveCfg = Debug|Any CPU
		{99D2BE5A-C704-4458-B560-4AD0F7029C59}.Debug|ARM.Build.0 = Debug|Any CPU
		{99D2BE5A-C704-4458-B560-4AD0F7029C59}.Debug|ARM64.ActiveCfg = Debug|Any CPU
		{99D2BE5A-C704-4458-B560-4AD0F7029C59}.Debug|ARM64.Build.0 = Debug|Any CPU
		{99D2BE5A-C704-4458-B560-4AD0F7029C59}.Debug|iPhone.ActiveCfg = Debug|Any CPU
		{99D2BE5A-C704-4458-B560-4AD0F7029C59}.Debug|iPhone.Build.0 = Debug|Any CPU
		{99D2BE5A-C704-4458-B560-4AD0F7029C59}.Debug|iPhoneSimulator.ActiveCfg = Debug|Any CPU
		{99D2BE5A-C704-4458-B560-4AD0F7029C59}.Debug|iPhoneSimulator.Build.0 = Debug|Any CPU
		{99D2BE5A-C704-4458-B560-4AD0F7029C59}.Debug|x64.ActiveCfg = Debug|Any CPU
		{99D2BE5A-C704-4458-B560-4AD0F7029C59}.Debug|x64.Build.0 = Debug|Any CPU
		{99D2BE5A-C704-4458-B560-4AD0F7029C59}.Debug|x86.ActiveCfg = Debug|Any CPU
		{99D2BE5A-C704-4458-B560-4AD0F7029C59}.Debug|x86.Build.0 = Debug|Any CPU
		{99D2BE5A-C704-4458-B560-4AD0F7029C59}.Release|Any CPU.ActiveCfg = Release|Any CPU
		{99D2BE5A-C704-4458-B560-4AD0F7029C59}.Release|Any CPU.Build.0 = Release|Any CPU
		{99D2BE5A-C704-4458-B560-4AD0F7029C59}.Release|ARM.ActiveCfg = Release|Any CPU
		{99D2BE5A-C704-4458-B560-4AD0F7029C59}.Release|ARM.Build.0 = Release|Any CPU
		{99D2BE5A-C704-4458-B560-4AD0F7029C59}.Release|ARM64.ActiveCfg = Release|Any CPU
		{99D2BE5A-C704-4458-B560-4AD0F7029C59}.Release|ARM64.Build.0 = Release|Any CPU
		{99D2BE5A-C704-4458-B560-4AD0F7029C59}.Release|iPhone.ActiveCfg = Release|Any CPU
		{99D2BE5A-C704-4458-B560-4AD0F7029C59}.Release|iPhone.Build.0 = Release|Any CPU
		{99D2BE5A-C704-4458-B560-4AD0F7029C59}.Release|iPhoneSimulator.ActiveCfg = Release|Any CPU
		{99D2BE5A-C704-4458-B560-4AD0F7029C59}.Release|iPhoneSimulator.Build.0 = Release|Any CPU
		{99D2BE5A-C704-4458-B560-4AD0F7029C59}.Release|x64.ActiveCfg = Release|Any CPU
		{99D2BE5A-C704-4458-B560-4AD0F7029C59}.Release|x64.Build.0 = Release|Any CPU
		{99D2BE5A-C704-4458-B560-4AD0F7029C59}.Release|x86.ActiveCfg = Release|Any CPU
		{99D2BE5A-C704-4458-B560-4AD0F7029C59}.Release|x86.Build.0 = Release|Any CPU
		{F429F95A-1466-4E48-BE3C-2B2C83D21FF9}.Ad-Hoc|Any CPU.ActiveCfg = Debug|iPhoneSimulator
		{F429F95A-1466-4E48-BE3C-2B2C83D21FF9}.Ad-Hoc|Any CPU.Build.0 = Debug|iPhoneSimulator
		{F429F95A-1466-4E48-BE3C-2B2C83D21FF9}.Ad-Hoc|ARM.ActiveCfg = Debug|iPhoneSimulator
		{F429F95A-1466-4E48-BE3C-2B2C83D21FF9}.Ad-Hoc|ARM.Build.0 = Debug|iPhoneSimulator
		{F429F95A-1466-4E48-BE3C-2B2C83D21FF9}.Ad-Hoc|ARM64.ActiveCfg = Debug|iPhoneSimulator
		{F429F95A-1466-4E48-BE3C-2B2C83D21FF9}.Ad-Hoc|ARM64.Build.0 = Debug|iPhoneSimulator
		{F429F95A-1466-4E48-BE3C-2B2C83D21FF9}.Ad-Hoc|iPhone.ActiveCfg = Debug|iPhoneSimulator
		{F429F95A-1466-4E48-BE3C-2B2C83D21FF9}.Ad-Hoc|iPhone.Build.0 = Debug|iPhoneSimulator
		{F429F95A-1466-4E48-BE3C-2B2C83D21FF9}.Ad-Hoc|iPhoneSimulator.ActiveCfg = Debug|iPhoneSimulator
		{F429F95A-1466-4E48-BE3C-2B2C83D21FF9}.Ad-Hoc|iPhoneSimulator.Build.0 = Debug|iPhoneSimulator
		{F429F95A-1466-4E48-BE3C-2B2C83D21FF9}.Ad-Hoc|x64.ActiveCfg = Debug|iPhoneSimulator
		{F429F95A-1466-4E48-BE3C-2B2C83D21FF9}.Ad-Hoc|x64.Build.0 = Debug|iPhoneSimulator
		{F429F95A-1466-4E48-BE3C-2B2C83D21FF9}.Ad-Hoc|x86.ActiveCfg = Debug|iPhoneSimulator
		{F429F95A-1466-4E48-BE3C-2B2C83D21FF9}.Ad-Hoc|x86.Build.0 = Debug|iPhoneSimulator
		{F429F95A-1466-4E48-BE3C-2B2C83D21FF9}.AppStore|Any CPU.ActiveCfg = Debug|iPhoneSimulator
		{F429F95A-1466-4E48-BE3C-2B2C83D21FF9}.AppStore|Any CPU.Build.0 = Debug|iPhoneSimulator
		{F429F95A-1466-4E48-BE3C-2B2C83D21FF9}.AppStore|ARM.ActiveCfg = Debug|iPhoneSimulator
		{F429F95A-1466-4E48-BE3C-2B2C83D21FF9}.AppStore|ARM.Build.0 = Debug|iPhoneSimulator
		{F429F95A-1466-4E48-BE3C-2B2C83D21FF9}.AppStore|ARM64.ActiveCfg = Debug|iPhoneSimulator
		{F429F95A-1466-4E48-BE3C-2B2C83D21FF9}.AppStore|ARM64.Build.0 = Debug|iPhoneSimulator
		{F429F95A-1466-4E48-BE3C-2B2C83D21FF9}.AppStore|iPhone.ActiveCfg = Debug|iPhoneSimulator
		{F429F95A-1466-4E48-BE3C-2B2C83D21FF9}.AppStore|iPhone.Build.0 = Debug|iPhoneSimulator
		{F429F95A-1466-4E48-BE3C-2B2C83D21FF9}.AppStore|iPhoneSimulator.ActiveCfg = Debug|iPhoneSimulator
		{F429F95A-1466-4E48-BE3C-2B2C83D21FF9}.AppStore|iPhoneSimulator.Build.0 = Debug|iPhoneSimulator
		{F429F95A-1466-4E48-BE3C-2B2C83D21FF9}.AppStore|x64.ActiveCfg = Debug|iPhoneSimulator
		{F429F95A-1466-4E48-BE3C-2B2C83D21FF9}.AppStore|x64.Build.0 = Debug|iPhoneSimulator
		{F429F95A-1466-4E48-BE3C-2B2C83D21FF9}.AppStore|x86.ActiveCfg = Debug|iPhoneSimulator
		{F429F95A-1466-4E48-BE3C-2B2C83D21FF9}.AppStore|x86.Build.0 = Debug|iPhoneSimulator
		{F429F95A-1466-4E48-BE3C-2B2C83D21FF9}.Debug|Any CPU.ActiveCfg = Debug|iPhoneSimulator
		{F429F95A-1466-4E48-BE3C-2B2C83D21FF9}.Debug|ARM.ActiveCfg = Debug|iPhoneSimulator
		{F429F95A-1466-4E48-BE3C-2B2C83D21FF9}.Debug|ARM64.ActiveCfg = Debug|iPhoneSimulator
		{F429F95A-1466-4E48-BE3C-2B2C83D21FF9}.Debug|iPhone.ActiveCfg = Debug|iPhoneSimulator
		{F429F95A-1466-4E48-BE3C-2B2C83D21FF9}.Debug|iPhoneSimulator.ActiveCfg = Debug|iPhoneSimulator
		{F429F95A-1466-4E48-BE3C-2B2C83D21FF9}.Debug|iPhoneSimulator.Build.0 = Debug|iPhoneSimulator
		{F429F95A-1466-4E48-BE3C-2B2C83D21FF9}.Debug|x64.ActiveCfg = Debug|iPhoneSimulator
		{F429F95A-1466-4E48-BE3C-2B2C83D21FF9}.Debug|x86.ActiveCfg = Debug|iPhoneSimulator
		{F429F95A-1466-4E48-BE3C-2B2C83D21FF9}.Release|Any CPU.ActiveCfg = Release|iPhoneSimulator
		{F429F95A-1466-4E48-BE3C-2B2C83D21FF9}.Release|ARM.ActiveCfg = Release|iPhoneSimulator
		{F429F95A-1466-4E48-BE3C-2B2C83D21FF9}.Release|ARM64.ActiveCfg = Release|iPhoneSimulator
		{F429F95A-1466-4E48-BE3C-2B2C83D21FF9}.Release|iPhone.ActiveCfg = Release|iPhoneSimulator
		{F429F95A-1466-4E48-BE3C-2B2C83D21FF9}.Release|iPhoneSimulator.ActiveCfg = Release|iPhoneSimulator
		{F429F95A-1466-4E48-BE3C-2B2C83D21FF9}.Release|iPhoneSimulator.Build.0 = Release|iPhoneSimulator
		{F429F95A-1466-4E48-BE3C-2B2C83D21FF9}.Release|x64.ActiveCfg = Release|iPhoneSimulator
		{F429F95A-1466-4E48-BE3C-2B2C83D21FF9}.Release|x86.ActiveCfg = Release|iPhoneSimulator
		{5F8D803B-B743-47E5-BE8B-7824F48416C2}.Ad-Hoc|Any CPU.ActiveCfg = Debug|Any CPU
		{5F8D803B-B743-47E5-BE8B-7824F48416C2}.Ad-Hoc|Any CPU.Build.0 = Debug|Any CPU
		{5F8D803B-B743-47E5-BE8B-7824F48416C2}.Ad-Hoc|ARM.ActiveCfg = Debug|Any CPU
		{5F8D803B-B743-47E5-BE8B-7824F48416C2}.Ad-Hoc|ARM.Build.0 = Debug|Any CPU
		{5F8D803B-B743-47E5-BE8B-7824F48416C2}.Ad-Hoc|ARM64.ActiveCfg = Debug|Any CPU
		{5F8D803B-B743-47E5-BE8B-7824F48416C2}.Ad-Hoc|ARM64.Build.0 = Debug|Any CPU
		{5F8D803B-B743-47E5-BE8B-7824F48416C2}.Ad-Hoc|iPhone.ActiveCfg = Debug|Any CPU
		{5F8D803B-B743-47E5-BE8B-7824F48416C2}.Ad-Hoc|iPhone.Build.0 = Debug|Any CPU
		{5F8D803B-B743-47E5-BE8B-7824F48416C2}.Ad-Hoc|iPhoneSimulator.ActiveCfg = Debug|Any CPU
		{5F8D803B-B743-47E5-BE8B-7824F48416C2}.Ad-Hoc|iPhoneSimulator.Build.0 = Debug|Any CPU
		{5F8D803B-B743-47E5-BE8B-7824F48416C2}.Ad-Hoc|x64.ActiveCfg = Debug|Any CPU
		{5F8D803B-B743-47E5-BE8B-7824F48416C2}.Ad-Hoc|x64.Build.0 = Debug|Any CPU
		{5F8D803B-B743-47E5-BE8B-7824F48416C2}.Ad-Hoc|x86.ActiveCfg = Debug|Any CPU
		{5F8D803B-B743-47E5-BE8B-7824F48416C2}.Ad-Hoc|x86.Build.0 = Debug|Any CPU
		{5F8D803B-B743-47E5-BE8B-7824F48416C2}.AppStore|Any CPU.ActiveCfg = Debug|Any CPU
		{5F8D803B-B743-47E5-BE8B-7824F48416C2}.AppStore|Any CPU.Build.0 = Debug|Any CPU
		{5F8D803B-B743-47E5-BE8B-7824F48416C2}.AppStore|ARM.ActiveCfg = Debug|Any CPU
		{5F8D803B-B743-47E5-BE8B-7824F48416C2}.AppStore|ARM.Build.0 = Debug|Any CPU
		{5F8D803B-B743-47E5-BE8B-7824F48416C2}.AppStore|ARM64.ActiveCfg = Debug|Any CPU
		{5F8D803B-B743-47E5-BE8B-7824F48416C2}.AppStore|ARM64.Build.0 = Debug|Any CPU
		{5F8D803B-B743-47E5-BE8B-7824F48416C2}.AppStore|iPhone.ActiveCfg = Debug|Any CPU
		{5F8D803B-B743-47E5-BE8B-7824F48416C2}.AppStore|iPhone.Build.0 = Debug|Any CPU
		{5F8D803B-B743-47E5-BE8B-7824F48416C2}.AppStore|iPhoneSimulator.ActiveCfg = Debug|Any CPU
		{5F8D803B-B743-47E5-BE8B-7824F48416C2}.AppStore|iPhoneSimulator.Build.0 = Debug|Any CPU
		{5F8D803B-B743-47E5-BE8B-7824F48416C2}.AppStore|x64.ActiveCfg = Debug|Any CPU
		{5F8D803B-B743-47E5-BE8B-7824F48416C2}.AppStore|x64.Build.0 = Debug|Any CPU
		{5F8D803B-B743-47E5-BE8B-7824F48416C2}.AppStore|x86.ActiveCfg = Debug|Any CPU
		{5F8D803B-B743-47E5-BE8B-7824F48416C2}.AppStore|x86.Build.0 = Debug|Any CPU
		{5F8D803B-B743-47E5-BE8B-7824F48416C2}.Debug|Any CPU.ActiveCfg = Debug|Any CPU
		{5F8D803B-B743-47E5-BE8B-7824F48416C2}.Debug|Any CPU.Build.0 = Debug|Any CPU
		{5F8D803B-B743-47E5-BE8B-7824F48416C2}.Debug|ARM.ActiveCfg = Debug|Any CPU
		{5F8D803B-B743-47E5-BE8B-7824F48416C2}.Debug|ARM.Build.0 = Debug|Any CPU
		{5F8D803B-B743-47E5-BE8B-7824F48416C2}.Debug|ARM64.ActiveCfg = Debug|Any CPU
		{5F8D803B-B743-47E5-BE8B-7824F48416C2}.Debug|ARM64.Build.0 = Debug|Any CPU
		{5F8D803B-B743-47E5-BE8B-7824F48416C2}.Debug|iPhone.ActiveCfg = Debug|Any CPU
		{5F8D803B-B743-47E5-BE8B-7824F48416C2}.Debug|iPhone.Build.0 = Debug|Any CPU
		{5F8D803B-B743-47E5-BE8B-7824F48416C2}.Debug|iPhoneSimulator.ActiveCfg = Debug|Any CPU
		{5F8D803B-B743-47E5-BE8B-7824F48416C2}.Debug|iPhoneSimulator.Build.0 = Debug|Any CPU
		{5F8D803B-B743-47E5-BE8B-7824F48416C2}.Debug|x64.ActiveCfg = Debug|Any CPU
		{5F8D803B-B743-47E5-BE8B-7824F48416C2}.Debug|x64.Build.0 = Debug|Any CPU
		{5F8D803B-B743-47E5-BE8B-7824F48416C2}.Debug|x86.ActiveCfg = Debug|Any CPU
		{5F8D803B-B743-47E5-BE8B-7824F48416C2}.Debug|x86.Build.0 = Debug|Any CPU
		{5F8D803B-B743-47E5-BE8B-7824F48416C2}.Release|Any CPU.ActiveCfg = Release|Any CPU
		{5F8D803B-B743-47E5-BE8B-7824F48416C2}.Release|Any CPU.Build.0 = Release|Any CPU
		{5F8D803B-B743-47E5-BE8B-7824F48416C2}.Release|ARM.ActiveCfg = Release|Any CPU
		{5F8D803B-B743-47E5-BE8B-7824F48416C2}.Release|ARM.Build.0 = Release|Any CPU
		{5F8D803B-B743-47E5-BE8B-7824F48416C2}.Release|ARM64.ActiveCfg = Release|Any CPU
		{5F8D803B-B743-47E5-BE8B-7824F48416C2}.Release|ARM64.Build.0 = Release|Any CPU
		{5F8D803B-B743-47E5-BE8B-7824F48416C2}.Release|iPhone.ActiveCfg = Release|Any CPU
		{5F8D803B-B743-47E5-BE8B-7824F48416C2}.Release|iPhone.Build.0 = Release|Any CPU
		{5F8D803B-B743-47E5-BE8B-7824F48416C2}.Release|iPhoneSimulator.ActiveCfg = Release|Any CPU
		{5F8D803B-B743-47E5-BE8B-7824F48416C2}.Release|iPhoneSimulator.Build.0 = Release|Any CPU
		{5F8D803B-B743-47E5-BE8B-7824F48416C2}.Release|x64.ActiveCfg = Release|Any CPU
		{5F8D803B-B743-47E5-BE8B-7824F48416C2}.Release|x64.Build.0 = Release|Any CPU
		{5F8D803B-B743-47E5-BE8B-7824F48416C2}.Release|x86.ActiveCfg = Release|Any CPU
		{5F8D803B-B743-47E5-BE8B-7824F48416C2}.Release|x86.Build.0 = Release|Any CPU
		{A23451E0-B2BD-42A1-9B14-7A938BE203EF}.Ad-Hoc|Any CPU.ActiveCfg = Debug|Any CPU
		{A23451E0-B2BD-42A1-9B14-7A938BE203EF}.Ad-Hoc|Any CPU.Build.0 = Debug|Any CPU
		{A23451E0-B2BD-42A1-9B14-7A938BE203EF}.Ad-Hoc|ARM.ActiveCfg = Debug|Any CPU
		{A23451E0-B2BD-42A1-9B14-7A938BE203EF}.Ad-Hoc|ARM.Build.0 = Debug|Any CPU
		{A23451E0-B2BD-42A1-9B14-7A938BE203EF}.Ad-Hoc|ARM64.ActiveCfg = Debug|Any CPU
		{A23451E0-B2BD-42A1-9B14-7A938BE203EF}.Ad-Hoc|ARM64.Build.0 = Debug|Any CPU
		{A23451E0-B2BD-42A1-9B14-7A938BE203EF}.Ad-Hoc|iPhone.ActiveCfg = Debug|Any CPU
		{A23451E0-B2BD-42A1-9B14-7A938BE203EF}.Ad-Hoc|iPhone.Build.0 = Debug|Any CPU
		{A23451E0-B2BD-42A1-9B14-7A938BE203EF}.Ad-Hoc|iPhoneSimulator.ActiveCfg = Debug|Any CPU
		{A23451E0-B2BD-42A1-9B14-7A938BE203EF}.Ad-Hoc|iPhoneSimulator.Build.0 = Debug|Any CPU
		{A23451E0-B2BD-42A1-9B14-7A938BE203EF}.Ad-Hoc|x64.ActiveCfg = Debug|Any CPU
		{A23451E0-B2BD-42A1-9B14-7A938BE203EF}.Ad-Hoc|x64.Build.0 = Debug|Any CPU
		{A23451E0-B2BD-42A1-9B14-7A938BE203EF}.Ad-Hoc|x86.ActiveCfg = Debug|Any CPU
		{A23451E0-B2BD-42A1-9B14-7A938BE203EF}.Ad-Hoc|x86.Build.0 = Debug|Any CPU
		{A23451E0-B2BD-42A1-9B14-7A938BE203EF}.AppStore|Any CPU.ActiveCfg = Debug|Any CPU
		{A23451E0-B2BD-42A1-9B14-7A938BE203EF}.AppStore|Any CPU.Build.0 = Debug|Any CPU
		{A23451E0-B2BD-42A1-9B14-7A938BE203EF}.AppStore|ARM.ActiveCfg = Debug|Any CPU
		{A23451E0-B2BD-42A1-9B14-7A938BE203EF}.AppStore|ARM.Build.0 = Debug|Any CPU
		{A23451E0-B2BD-42A1-9B14-7A938BE203EF}.AppStore|ARM64.ActiveCfg = Debug|Any CPU
		{A23451E0-B2BD-42A1-9B14-7A938BE203EF}.AppStore|ARM64.Build.0 = Debug|Any CPU
		{A23451E0-B2BD-42A1-9B14-7A938BE203EF}.AppStore|iPhone.ActiveCfg = Debug|Any CPU
		{A23451E0-B2BD-42A1-9B14-7A938BE203EF}.AppStore|iPhone.Build.0 = Debug|Any CPU
		{A23451E0-B2BD-42A1-9B14-7A938BE203EF}.AppStore|iPhoneSimulator.ActiveCfg = Debug|Any CPU
		{A23451E0-B2BD-42A1-9B14-7A938BE203EF}.AppStore|iPhoneSimulator.Build.0 = Debug|Any CPU
		{A23451E0-B2BD-42A1-9B14-7A938BE203EF}.AppStore|x64.ActiveCfg = Debug|Any CPU
		{A23451E0-B2BD-42A1-9B14-7A938BE203EF}.AppStore|x64.Build.0 = Debug|Any CPU
		{A23451E0-B2BD-42A1-9B14-7A938BE203EF}.AppStore|x86.ActiveCfg = Debug|Any CPU
		{A23451E0-B2BD-42A1-9B14-7A938BE203EF}.AppStore|x86.Build.0 = Debug|Any CPU
		{A23451E0-B2BD-42A1-9B14-7A938BE203EF}.Debug|Any CPU.ActiveCfg = Debug|Any CPU
		{A23451E0-B2BD-42A1-9B14-7A938BE203EF}.Debug|Any CPU.Build.0 = Debug|Any CPU
		{A23451E0-B2BD-42A1-9B14-7A938BE203EF}.Debug|ARM.ActiveCfg = Debug|Any CPU
		{A23451E0-B2BD-42A1-9B14-7A938BE203EF}.Debug|ARM.Build.0 = Debug|Any CPU
		{A23451E0-B2BD-42A1-9B14-7A938BE203EF}.Debug|ARM64.ActiveCfg = Debug|Any CPU
		{A23451E0-B2BD-42A1-9B14-7A938BE203EF}.Debug|ARM64.Build.0 = Debug|Any CPU
		{A23451E0-B2BD-42A1-9B14-7A938BE203EF}.Debug|iPhone.ActiveCfg = Debug|Any CPU
		{A23451E0-B2BD-42A1-9B14-7A938BE203EF}.Debug|iPhone.Build.0 = Debug|Any CPU
		{A23451E0-B2BD-42A1-9B14-7A938BE203EF}.Debug|iPhoneSimulator.ActiveCfg = Debug|Any CPU
		{A23451E0-B2BD-42A1-9B14-7A938BE203EF}.Debug|iPhoneSimulator.Build.0 = Debug|Any CPU
		{A23451E0-B2BD-42A1-9B14-7A938BE203EF}.Debug|x64.ActiveCfg = Debug|Any CPU
		{A23451E0-B2BD-42A1-9B14-7A938BE203EF}.Debug|x64.Build.0 = Debug|Any CPU
		{A23451E0-B2BD-42A1-9B14-7A938BE203EF}.Debug|x86.ActiveCfg = Debug|Any CPU
		{A23451E0-B2BD-42A1-9B14-7A938BE203EF}.Debug|x86.Build.0 = Debug|Any CPU
		{A23451E0-B2BD-42A1-9B14-7A938BE203EF}.Release|Any CPU.ActiveCfg = Release|Any CPU
		{A23451E0-B2BD-42A1-9B14-7A938BE203EF}.Release|Any CPU.Build.0 = Release|Any CPU
		{A23451E0-B2BD-42A1-9B14-7A938BE203EF}.Release|ARM.ActiveCfg = Release|Any CPU
		{A23451E0-B2BD-42A1-9B14-7A938BE203EF}.Release|ARM.Build.0 = Release|Any CPU
		{A23451E0-B2BD-42A1-9B14-7A938BE203EF}.Release|ARM64.ActiveCfg = Release|Any CPU
		{A23451E0-B2BD-42A1-9B14-7A938BE203EF}.Release|ARM64.Build.0 = Release|Any CPU
		{A23451E0-B2BD-42A1-9B14-7A938BE203EF}.Release|iPhone.ActiveCfg = Release|Any CPU
		{A23451E0-B2BD-42A1-9B14-7A938BE203EF}.Release|iPhone.Build.0 = Release|Any CPU
		{A23451E0-B2BD-42A1-9B14-7A938BE203EF}.Release|iPhoneSimulator.ActiveCfg = Release|Any CPU
		{A23451E0-B2BD-42A1-9B14-7A938BE203EF}.Release|iPhoneSimulator.Build.0 = Release|Any CPU
		{A23451E0-B2BD-42A1-9B14-7A938BE203EF}.Release|x64.ActiveCfg = Release|Any CPU
		{A23451E0-B2BD-42A1-9B14-7A938BE203EF}.Release|x64.Build.0 = Release|Any CPU
		{A23451E0-B2BD-42A1-9B14-7A938BE203EF}.Release|x86.ActiveCfg = Release|Any CPU
		{A23451E0-B2BD-42A1-9B14-7A938BE203EF}.Release|x86.Build.0 = Release|Any CPU
		{8E634D72-5CB2-452F-9735-B1CC9CB223AC}.Ad-Hoc|Any CPU.ActiveCfg = Debug|Any CPU
		{8E634D72-5CB2-452F-9735-B1CC9CB223AC}.Ad-Hoc|Any CPU.Build.0 = Debug|Any CPU
		{8E634D72-5CB2-452F-9735-B1CC9CB223AC}.Ad-Hoc|ARM.ActiveCfg = Debug|Any CPU
		{8E634D72-5CB2-452F-9735-B1CC9CB223AC}.Ad-Hoc|ARM.Build.0 = Debug|Any CPU
		{8E634D72-5CB2-452F-9735-B1CC9CB223AC}.Ad-Hoc|ARM64.ActiveCfg = Debug|Any CPU
		{8E634D72-5CB2-452F-9735-B1CC9CB223AC}.Ad-Hoc|ARM64.Build.0 = Debug|Any CPU
		{8E634D72-5CB2-452F-9735-B1CC9CB223AC}.Ad-Hoc|iPhone.ActiveCfg = Debug|Any CPU
		{8E634D72-5CB2-452F-9735-B1CC9CB223AC}.Ad-Hoc|iPhone.Build.0 = Debug|Any CPU
		{8E634D72-5CB2-452F-9735-B1CC9CB223AC}.Ad-Hoc|iPhoneSimulator.ActiveCfg = Debug|Any CPU
		{8E634D72-5CB2-452F-9735-B1CC9CB223AC}.Ad-Hoc|iPhoneSimulator.Build.0 = Debug|Any CPU
		{8E634D72-5CB2-452F-9735-B1CC9CB223AC}.Ad-Hoc|x64.ActiveCfg = Debug|Any CPU
		{8E634D72-5CB2-452F-9735-B1CC9CB223AC}.Ad-Hoc|x64.Build.0 = Debug|Any CPU
		{8E634D72-5CB2-452F-9735-B1CC9CB223AC}.Ad-Hoc|x86.ActiveCfg = Debug|Any CPU
		{8E634D72-5CB2-452F-9735-B1CC9CB223AC}.Ad-Hoc|x86.Build.0 = Debug|Any CPU
		{8E634D72-5CB2-452F-9735-B1CC9CB223AC}.AppStore|Any CPU.ActiveCfg = Debug|Any CPU
		{8E634D72-5CB2-452F-9735-B1CC9CB223AC}.AppStore|Any CPU.Build.0 = Debug|Any CPU
		{8E634D72-5CB2-452F-9735-B1CC9CB223AC}.AppStore|ARM.ActiveCfg = Debug|Any CPU
		{8E634D72-5CB2-452F-9735-B1CC9CB223AC}.AppStore|ARM.Build.0 = Debug|Any CPU
		{8E634D72-5CB2-452F-9735-B1CC9CB223AC}.AppStore|ARM64.ActiveCfg = Debug|Any CPU
		{8E634D72-5CB2-452F-9735-B1CC9CB223AC}.AppStore|ARM64.Build.0 = Debug|Any CPU
		{8E634D72-5CB2-452F-9735-B1CC9CB223AC}.AppStore|iPhone.ActiveCfg = Debug|Any CPU
		{8E634D72-5CB2-452F-9735-B1CC9CB223AC}.AppStore|iPhone.Build.0 = Debug|Any CPU
		{8E634D72-5CB2-452F-9735-B1CC9CB223AC}.AppStore|iPhoneSimulator.ActiveCfg = Debug|Any CPU
		{8E634D72-5CB2-452F-9735-B1CC9CB223AC}.AppStore|iPhoneSimulator.Build.0 = Debug|Any CPU
		{8E634D72-5CB2-452F-9735-B1CC9CB223AC}.AppStore|x64.ActiveCfg = Debug|Any CPU
		{8E634D72-5CB2-452F-9735-B1CC9CB223AC}.AppStore|x64.Build.0 = Debug|Any CPU
		{8E634D72-5CB2-452F-9735-B1CC9CB223AC}.AppStore|x86.ActiveCfg = Debug|Any CPU
		{8E634D72-5CB2-452F-9735-B1CC9CB223AC}.AppStore|x86.Build.0 = Debug|Any CPU
		{8E634D72-5CB2-452F-9735-B1CC9CB223AC}.Debug|Any CPU.ActiveCfg = Debug|Any CPU
		{8E634D72-5CB2-452F-9735-B1CC9CB223AC}.Debug|Any CPU.Build.0 = Debug|Any CPU
		{8E634D72-5CB2-452F-9735-B1CC9CB223AC}.Debug|ARM.ActiveCfg = Debug|Any CPU
		{8E634D72-5CB2-452F-9735-B1CC9CB223AC}.Debug|ARM.Build.0 = Debug|Any CPU
		{8E634D72-5CB2-452F-9735-B1CC9CB223AC}.Debug|ARM64.ActiveCfg = Debug|Any CPU
		{8E634D72-5CB2-452F-9735-B1CC9CB223AC}.Debug|ARM64.Build.0 = Debug|Any CPU
		{8E634D72-5CB2-452F-9735-B1CC9CB223AC}.Debug|iPhone.ActiveCfg = Debug|Any CPU
		{8E634D72-5CB2-452F-9735-B1CC9CB223AC}.Debug|iPhone.Build.0 = Debug|Any CPU
		{8E634D72-5CB2-452F-9735-B1CC9CB223AC}.Debug|iPhoneSimulator.ActiveCfg = Debug|Any CPU
		{8E634D72-5CB2-452F-9735-B1CC9CB223AC}.Debug|iPhoneSimulator.Build.0 = Debug|Any CPU
		{8E634D72-5CB2-452F-9735-B1CC9CB223AC}.Debug|x64.ActiveCfg = Debug|Any CPU
		{8E634D72-5CB2-452F-9735-B1CC9CB223AC}.Debug|x64.Build.0 = Debug|Any CPU
		{8E634D72-5CB2-452F-9735-B1CC9CB223AC}.Debug|x86.ActiveCfg = Debug|Any CPU
		{8E634D72-5CB2-452F-9735-B1CC9CB223AC}.Debug|x86.Build.0 = Debug|Any CPU
		{8E634D72-5CB2-452F-9735-B1CC9CB223AC}.Release|Any CPU.ActiveCfg = Release|Any CPU
		{8E634D72-5CB2-452F-9735-B1CC9CB223AC}.Release|Any CPU.Build.0 = Release|Any CPU
		{8E634D72-5CB2-452F-9735-B1CC9CB223AC}.Release|ARM.ActiveCfg = Release|Any CPU
		{8E634D72-5CB2-452F-9735-B1CC9CB223AC}.Release|ARM.Build.0 = Release|Any CPU
		{8E634D72-5CB2-452F-9735-B1CC9CB223AC}.Release|ARM64.ActiveCfg = Release|Any CPU
		{8E634D72-5CB2-452F-9735-B1CC9CB223AC}.Release|ARM64.Build.0 = Release|Any CPU
		{8E634D72-5CB2-452F-9735-B1CC9CB223AC}.Release|iPhone.ActiveCfg = Release|Any CPU
		{8E634D72-5CB2-452F-9735-B1CC9CB223AC}.Release|iPhone.Build.0 = Release|Any CPU
		{8E634D72-5CB2-452F-9735-B1CC9CB223AC}.Release|iPhoneSimulator.ActiveCfg = Release|Any CPU
		{8E634D72-5CB2-452F-9735-B1CC9CB223AC}.Release|iPhoneSimulator.Build.0 = Release|Any CPU
		{8E634D72-5CB2-452F-9735-B1CC9CB223AC}.Release|x64.ActiveCfg = Release|Any CPU
		{8E634D72-5CB2-452F-9735-B1CC9CB223AC}.Release|x64.Build.0 = Release|Any CPU
		{8E634D72-5CB2-452F-9735-B1CC9CB223AC}.Release|x86.ActiveCfg = Release|Any CPU
		{8E634D72-5CB2-452F-9735-B1CC9CB223AC}.Release|x86.Build.0 = Release|Any CPU
		{1A2C1AFE-DFDE-44D1-B853-48573FF6743B}.Ad-Hoc|Any CPU.ActiveCfg = Debug|Any CPU
		{1A2C1AFE-DFDE-44D1-B853-48573FF6743B}.Ad-Hoc|Any CPU.Build.0 = Debug|Any CPU
		{1A2C1AFE-DFDE-44D1-B853-48573FF6743B}.Ad-Hoc|ARM.ActiveCfg = Debug|Any CPU
		{1A2C1AFE-DFDE-44D1-B853-48573FF6743B}.Ad-Hoc|ARM.Build.0 = Debug|Any CPU
		{1A2C1AFE-DFDE-44D1-B853-48573FF6743B}.Ad-Hoc|ARM64.ActiveCfg = Debug|Any CPU
		{1A2C1AFE-DFDE-44D1-B853-48573FF6743B}.Ad-Hoc|ARM64.Build.0 = Debug|Any CPU
		{1A2C1AFE-DFDE-44D1-B853-48573FF6743B}.Ad-Hoc|iPhone.ActiveCfg = Debug|Any CPU
		{1A2C1AFE-DFDE-44D1-B853-48573FF6743B}.Ad-Hoc|iPhone.Build.0 = Debug|Any CPU
		{1A2C1AFE-DFDE-44D1-B853-48573FF6743B}.Ad-Hoc|iPhoneSimulator.ActiveCfg = Debug|Any CPU
		{1A2C1AFE-DFDE-44D1-B853-48573FF6743B}.Ad-Hoc|iPhoneSimulator.Build.0 = Debug|Any CPU
		{1A2C1AFE-DFDE-44D1-B853-48573FF6743B}.Ad-Hoc|x64.ActiveCfg = Debug|Any CPU
		{1A2C1AFE-DFDE-44D1-B853-48573FF6743B}.Ad-Hoc|x64.Build.0 = Debug|Any CPU
		{1A2C1AFE-DFDE-44D1-B853-48573FF6743B}.Ad-Hoc|x86.ActiveCfg = Debug|Any CPU
		{1A2C1AFE-DFDE-44D1-B853-48573FF6743B}.Ad-Hoc|x86.Build.0 = Debug|Any CPU
		{1A2C1AFE-DFDE-44D1-B853-48573FF6743B}.AppStore|Any CPU.ActiveCfg = Debug|Any CPU
		{1A2C1AFE-DFDE-44D1-B853-48573FF6743B}.AppStore|Any CPU.Build.0 = Debug|Any CPU
		{1A2C1AFE-DFDE-44D1-B853-48573FF6743B}.AppStore|ARM.ActiveCfg = Debug|Any CPU
		{1A2C1AFE-DFDE-44D1-B853-48573FF6743B}.AppStore|ARM.Build.0 = Debug|Any CPU
		{1A2C1AFE-DFDE-44D1-B853-48573FF6743B}.AppStore|ARM64.ActiveCfg = Debug|Any CPU
		{1A2C1AFE-DFDE-44D1-B853-48573FF6743B}.AppStore|ARM64.Build.0 = Debug|Any CPU
		{1A2C1AFE-DFDE-44D1-B853-48573FF6743B}.AppStore|iPhone.ActiveCfg = Debug|Any CPU
		{1A2C1AFE-DFDE-44D1-B853-48573FF6743B}.AppStore|iPhone.Build.0 = Debug|Any CPU
		{1A2C1AFE-DFDE-44D1-B853-48573FF6743B}.AppStore|iPhoneSimulator.ActiveCfg = Debug|Any CPU
		{1A2C1AFE-DFDE-44D1-B853-48573FF6743B}.AppStore|iPhoneSimulator.Build.0 = Debug|Any CPU
		{1A2C1AFE-DFDE-44D1-B853-48573FF6743B}.AppStore|x64.ActiveCfg = Debug|Any CPU
		{1A2C1AFE-DFDE-44D1-B853-48573FF6743B}.AppStore|x64.Build.0 = Debug|Any CPU
		{1A2C1AFE-DFDE-44D1-B853-48573FF6743B}.AppStore|x86.ActiveCfg = Debug|Any CPU
		{1A2C1AFE-DFDE-44D1-B853-48573FF6743B}.AppStore|x86.Build.0 = Debug|Any CPU
		{1A2C1AFE-DFDE-44D1-B853-48573FF6743B}.Debug|Any CPU.ActiveCfg = Debug|Any CPU
		{1A2C1AFE-DFDE-44D1-B853-48573FF6743B}.Debug|Any CPU.Build.0 = Debug|Any CPU
		{1A2C1AFE-DFDE-44D1-B853-48573FF6743B}.Debug|ARM.ActiveCfg = Debug|Any CPU
		{1A2C1AFE-DFDE-44D1-B853-48573FF6743B}.Debug|ARM.Build.0 = Debug|Any CPU
		{1A2C1AFE-DFDE-44D1-B853-48573FF6743B}.Debug|ARM64.ActiveCfg = Debug|Any CPU
		{1A2C1AFE-DFDE-44D1-B853-48573FF6743B}.Debug|ARM64.Build.0 = Debug|Any CPU
		{1A2C1AFE-DFDE-44D1-B853-48573FF6743B}.Debug|iPhone.ActiveCfg = Debug|Any CPU
		{1A2C1AFE-DFDE-44D1-B853-48573FF6743B}.Debug|iPhone.Build.0 = Debug|Any CPU
		{1A2C1AFE-DFDE-44D1-B853-48573FF6743B}.Debug|iPhoneSimulator.ActiveCfg = Debug|Any CPU
		{1A2C1AFE-DFDE-44D1-B853-48573FF6743B}.Debug|iPhoneSimulator.Build.0 = Debug|Any CPU
		{1A2C1AFE-DFDE-44D1-B853-48573FF6743B}.Debug|x64.ActiveCfg = Debug|Any CPU
		{1A2C1AFE-DFDE-44D1-B853-48573FF6743B}.Debug|x64.Build.0 = Debug|Any CPU
		{1A2C1AFE-DFDE-44D1-B853-48573FF6743B}.Debug|x86.ActiveCfg = Debug|Any CPU
		{1A2C1AFE-DFDE-44D1-B853-48573FF6743B}.Debug|x86.Build.0 = Debug|Any CPU
		{1A2C1AFE-DFDE-44D1-B853-48573FF6743B}.Release|Any CPU.ActiveCfg = Release|Any CPU
		{1A2C1AFE-DFDE-44D1-B853-48573FF6743B}.Release|Any CPU.Build.0 = Release|Any CPU
		{1A2C1AFE-DFDE-44D1-B853-48573FF6743B}.Release|ARM.ActiveCfg = Release|Any CPU
		{1A2C1AFE-DFDE-44D1-B853-48573FF6743B}.Release|ARM.Build.0 = Release|Any CPU
		{1A2C1AFE-DFDE-44D1-B853-48573FF6743B}.Release|ARM64.ActiveCfg = Release|Any CPU
		{1A2C1AFE-DFDE-44D1-B853-48573FF6743B}.Release|ARM64.Build.0 = Release|Any CPU
		{1A2C1AFE-DFDE-44D1-B853-48573FF6743B}.Release|iPhone.ActiveCfg = Release|Any CPU
		{1A2C1AFE-DFDE-44D1-B853-48573FF6743B}.Release|iPhone.Build.0 = Release|Any CPU
		{1A2C1AFE-DFDE-44D1-B853-48573FF6743B}.Release|iPhoneSimulator.ActiveCfg = Release|Any CPU
		{1A2C1AFE-DFDE-44D1-B853-48573FF6743B}.Release|iPhoneSimulator.Build.0 = Release|Any CPU
		{1A2C1AFE-DFDE-44D1-B853-48573FF6743B}.Release|x64.ActiveCfg = Release|Any CPU
		{1A2C1AFE-DFDE-44D1-B853-48573FF6743B}.Release|x64.Build.0 = Release|Any CPU
		{1A2C1AFE-DFDE-44D1-B853-48573FF6743B}.Release|x86.ActiveCfg = Release|Any CPU
		{1A2C1AFE-DFDE-44D1-B853-48573FF6743B}.Release|x86.Build.0 = Release|Any CPU
	EndGlobalSection
	GlobalSection(SolutionProperties) = preSolution
		HideSolutionNode = FALSE
	EndGlobalSection
	GlobalSection(NestedProjects) = preSolution
		{B1F069AE-1845-4D8F-9EFF-EF1465619117} = {AF54DC77-1B10-4938-BBEA-D8E791916564}
		{DDD2A1D3-846E-491D-A90E-F12EF0128ADE} = {AF54DC77-1B10-4938-BBEA-D8E791916564}
		{89158680-43CA-4060-A4E8-ABD84AE8C2F8} = {AF54DC77-1B10-4938-BBEA-D8E791916564}
		{99D2BE5A-C704-4458-B560-4AD0F7029C59} = {AF54DC77-1B10-4938-BBEA-D8E791916564}
		{F429F95A-1466-4E48-BE3C-2B2C83D21FF9} = {AF54DC77-1B10-4938-BBEA-D8E791916564}
		{5F8D803B-B743-47E5-BE8B-7824F48416C2} = {AF54DC77-1B10-4938-BBEA-D8E791916564}
		{A23451E0-B2BD-42A1-9B14-7A938BE203EF} = {AF54DC77-1B10-4938-BBEA-D8E791916564}
		{8E634D72-5CB2-452F-9735-B1CC9CB223AC} = {AF54DC77-1B10-4938-BBEA-D8E791916564}
	EndGlobalSection
	GlobalSection(ExtensibilityGlobals) = postSolution
		SolutionGuid = {21DC2715-D449-4E16-BE0A-40141275EB2A}
	EndGlobalSection
EndGlobal
